
Microsoft Visual Studio Solution File, Format Version 12.00
# Visual Studio Version 16
VisualStudioVersion = 16.0.31205.134
MinimumVisualStudioVersion = 10.0.40219.1
Project("{FAE04EC0-301F-11D3-BF4B-00C04F79EFBC}") = "Movies-Lab1", "Movies-Lab1.csproj", "{04E61293-908F-4CE6-9932-80BA2357CB46}"
EndProject
Global
	GlobalSection(SolutionConfigurationPlatforms) = preSolution
		Debug|Any CPU = Debug|Any CPU
		Release|Any CPU = Release|Any CPU
	EndGlobalSection
	GlobalSection(ProjectConfigurationPlatforms) = postSolution
		{04E61293-908F-4CE6-9932-80BA2357CB46}.Debug|Any CPU.ActiveCfg = Debug|Any CPU
		{04E61293-908F-4CE6-9932-80BA2357CB46}.Debug|Any CPU.Build.0 = Debug|Any CPU
		{04E61293-908F-4CE6-9932-80BA2357CB46}.Release|Any CPU.ActiveCfg = Release|Any CPU
		{04E61293-908F-4CE6-9932-80BA2357CB46}.Release|Any CPU.Build.0 = Release|Any CPU
	EndGlobalSection
	GlobalSection(SolutionProperties) = preSolution
		HideSolutionNode = FALSE
	EndGlobalSection
	GlobalSection(ExtensibilityGlobals) = postSolution
		SolutionGuid = {D8641108-FEFF-4B5C-B8CD-A6A7BE8424F2}
	EndGlobalSection
EndGlobal
