
Microsoft Visual Studio Solution File, Format Version 12.00
# Visual Studio Version 16
VisualStudioVersion = 16.0.31205.134
MinimumVisualStudioVersion = 10.0.40219.1
Project("{FAE04EC0-301F-11D3-BF4B-00C04F79EFBC}") = "MultimediaCenter", "MultimediaCenter.csproj", "{CD67D19F-2D40-46DC-A71D-D7645DE1C7EA}"
EndProject
Global
	GlobalSection(SolutionConfigurationPlatforms) = preSolution
		Debug|Any CPU = Debug|Any CPU
		Release|Any CPU = Release|Any CPU
	EndGlobalSection
	GlobalSection(ProjectConfigurationPlatforms) = postSolution
		{CD67D19F-2D40-46DC-A71D-D7645DE1C7EA}.Debug|Any CPU.ActiveCfg = Debug|Any CPU
		{CD67D19F-2D40-46DC-A71D-D7645DE1C7EA}.Debug|Any CPU.Build.0 = Debug|Any CPU
		{CD67D19F-2D40-46DC-A71D-D7645DE1C7EA}.Release|Any CPU.ActiveCfg = Release|Any CPU
		{CD67D19F-2D40-46DC-A71D-D7645DE1C7EA}.Release|Any CPU.Build.0 = Release|Any CPU
	EndGlobalSection
	GlobalSection(SolutionProperties) = preSolution
		HideSolutionNode = FALSE
	EndGlobalSection
	GlobalSection(ExtensibilityGlobals) = postSolution
		SolutionGuid = {B692C40B-27C9-471C-A626-6C0DBAAF3E15}
	EndGlobalSection
EndGlobal
